
Microsoft Visual Studio Solution File, Format Version 12.00
# Visual Studio Version 16
VisualStudioVersion = 16.0.28917.181
MinimumVisualStudioVersion = 10.0.40219.1
Project("{9A19103F-16F7-4668-BE54-9A1E7A4F7556}") = "Enso.api", "Enso.api\Enso.api.csproj", "{1F6CE3F6-2FD2-4CA6-8860-FBA6CEA2A829}"
EndProject
Project("{9A19103F-16F7-4668-BE54-9A1E7A4F7556}") = "Enso.dal", "..\Enso.dal\Enso.dal.csproj", "{88C5B404-2674-45CB-8A8D-1ED096016F0F}"
EndProject
Global
	GlobalSection(SolutionConfigurationPlatforms) = preSolution
		Debug|Any CPU = Debug|Any CPU
		Release|Any CPU = Release|Any CPU
	EndGlobalSection
	GlobalSection(ProjectConfigurationPlatforms) = postSolution
		{1F6CE3F6-2FD2-4CA6-8860-FBA6CEA2A829}.Debug|Any CPU.ActiveCfg = Debug|Any CPU
		{1F6CE3F6-2FD2-4CA6-8860-FBA6CEA2A829}.Debug|Any CPU.Build.0 = Debug|Any CPU
		{1F6CE3F6-2FD2-4CA6-8860-FBA6CEA2A829}.Release|Any CPU.ActiveCfg = Release|Any CPU
		{1F6CE3F6-2FD2-4CA6-8860-FBA6CEA2A829}.Release|Any CPU.Build.0 = Release|Any CPU
		{88C5B404-2674-45CB-8A8D-1ED096016F0F}.Debug|Any CPU.ActiveCfg = Debug|Any CPU
		{88C5B404-2674-45CB-8A8D-1ED096016F0F}.Debug|Any CPU.Build.0 = Debug|Any CPU
		{88C5B404-2674-45CB-8A8D-1ED096016F0F}.Release|Any CPU.ActiveCfg = Release|Any CPU
		{88C5B404-2674-45CB-8A8D-1ED096016F0F}.Release|Any CPU.Build.0 = Release|Any CPU
	EndGlobalSection
	GlobalSection(SolutionProperties) = preSolution
		HideSolutionNode = FALSE
	EndGlobalSection
	GlobalSection(ExtensibilityGlobals) = postSolution
		SolutionGuid = {3A888827-63E3-4D97-ACFB-62A4175F53A9}
	EndGlobalSection
	GlobalSection(TeamFoundationVersionControl) = preSolution
		SccNumberOfProjects = 3
		SccEnterpriseProvider = {4CA58AB2-18FA-4F8D-95D4-32DDF27D184C}
		SccTeamFoundationServer = https://minimalistdev.visualstudio.com/
		SccLocalPath0 = .
		SccProjectUniqueName1 = Enso.api\\Enso.api.csproj
		SccProjectName1 = Enso.api
		SccLocalPath1 = Enso.api
		SccProjectUniqueName2 = ..\\Enso.dal\\Enso.dal.csproj
		SccProjectName2 = ../Enso.dal
		SccLocalPath2 = ..\\Enso.dal
	EndGlobalSection
EndGlobal
